
Microsoft Visual Studio Solution File, Format Version 12.00
# Visual Studio Version 17
VisualStudioVersion = 17.5.33414.496
MinimumVisualStudioVersion = 10.0.40219.1
Project("{9A19103F-16F7-4668-BE54-9A1E7A4F7556}") = "Finall Project", "Finall Project\Finall Project.csproj", "{86A1C08B-84D4-4638-B0A3-6B60A0670BF1}"
EndProject
Project("{9A19103F-16F7-4668-BE54-9A1E7A4F7556}") = "LoanAPI.Data", "LoanAPI.Data\LoanAPI.Data.csproj", "{2593A7A6-4742-4FB6-BE5E-BFE3E4C2DB55}"
EndProject
Project("{9A19103F-16F7-4668-BE54-9A1E7A4F7556}") = "LoanAPI.Domain", "LoanAPI.Domain\LoanAPI.Domain.csproj", "{1B7253DA-AC0B-4CAD-9C7B-FEEA97A78EE8}"
EndProject
Project("{FAE04EC0-301F-11D3-BF4B-00C04F79EFBC}") = "Tests", "Tests\Tests.csproj", "{CC43EF9E-4B07-45ED-8149-645AF69CBB4C}"
EndProject
Project("{FAE04EC0-301F-11D3-BF4B-00C04F79EFBC}") = "LoggerService", "LoggerService\LoggerService.csproj", "{0D669069-5F76-4CCC-BCB6-9D78FB44E99D}"
EndProject
Global
	GlobalSection(SolutionConfigurationPlatforms) = preSolution
		Debug|Any CPU = Debug|Any CPU
		Release|Any CPU = Release|Any CPU
	EndGlobalSection
	GlobalSection(ProjectConfigurationPlatforms) = postSolution
		{86A1C08B-84D4-4638-B0A3-6B60A0670BF1}.Debug|Any CPU.ActiveCfg = Debug|Any CPU
		{86A1C08B-84D4-4638-B0A3-6B60A0670BF1}.Debug|Any CPU.Build.0 = Debug|Any CPU
		{86A1C08B-84D4-4638-B0A3-6B60A0670BF1}.Release|Any CPU.ActiveCfg = Release|Any CPU
		{86A1C08B-84D4-4638-B0A3-6B60A0670BF1}.Release|Any CPU.Build.0 = Release|Any CPU
		{2593A7A6-4742-4FB6-BE5E-BFE3E4C2DB55}.Debug|Any CPU.ActiveCfg = Debug|Any CPU
		{2593A7A6-4742-4FB6-BE5E-BFE3E4C2DB55}.Debug|Any CPU.Build.0 = Debug|Any CPU
		{2593A7A6-4742-4FB6-BE5E-BFE3E4C2DB55}.Release|Any CPU.ActiveCfg = Release|Any CPU
		{2593A7A6-4742-4FB6-BE5E-BFE3E4C2DB55}.Release|Any CPU.Build.0 = Release|Any CPU
		{1B7253DA-AC0B-4CAD-9C7B-FEEA97A78EE8}.Debug|Any CPU.ActiveCfg = Debug|Any CPU
		{1B7253DA-AC0B-4CAD-9C7B-FEEA97A78EE8}.Debug|Any CPU.Build.0 = Debug|Any CPU
		{1B7253DA-AC0B-4CAD-9C7B-FEEA97A78EE8}.Release|Any CPU.ActiveCfg = Release|Any CPU
		{1B7253DA-AC0B-4CAD-9C7B-FEEA97A78EE8}.Release|Any CPU.Build.0 = Release|Any CPU
		{CC43EF9E-4B07-45ED-8149-645AF69CBB4C}.Debug|Any CPU.ActiveCfg = Debug|Any CPU
		{CC43EF9E-4B07-45ED-8149-645AF69CBB4C}.Debug|Any CPU.Build.0 = Debug|Any CPU
		{CC43EF9E-4B07-45ED-8149-645AF69CBB4C}.Release|Any CPU.ActiveCfg = Release|Any CPU
		{CC43EF9E-4B07-45ED-8149-645AF69CBB4C}.Release|Any CPU.Build.0 = Release|Any CPU
		{0D669069-5F76-4CCC-BCB6-9D78FB44E99D}.Debug|Any CPU.ActiveCfg = Debug|Any CPU
		{0D669069-5F76-4CCC-BCB6-9D78FB44E99D}.Debug|Any CPU.Build.0 = Debug|Any CPU
		{0D669069-5F76-4CCC-BCB6-9D78FB44E99D}.Release|Any CPU.ActiveCfg = Release|Any CPU
		{0D669069-5F76-4CCC-BCB6-9D78FB44E99D}.Release|Any CPU.Build.0 = Release|Any CPU
	EndGlobalSection
	GlobalSection(SolutionProperties) = preSolution
		HideSolutionNode = FALSE
	EndGlobalSection
	GlobalSection(ExtensibilityGlobals) = postSolution
		SolutionGuid = {279AB584-7D7E-41D5-B4C8-941CEEA0BF9B}
	EndGlobalSection
EndGlobal
